
Microsoft Visual Studio Solution File, Format Version 12.00
# Visual Studio Version 17
VisualStudioVersion = 17.13.35931.197 d17.13
MinimumVisualStudioVersion = 10.0.40219.1
Project("{FAE04EC0-301F-11D3-BF4B-00C04F79EFBC}") = "WpfApp_Werknemer", "WpfApp_Werknemer.csproj", "{14B33749-75F7-44CD-AACA-F495EE8544EE}"
EndProject
Project("{FAE04EC0-301F-11D3-BF4B-00C04F79EFBC}") = "ClassLib", "..\ClassLib\ClassLib.csproj", "{0E4253DE-45F3-4748-A174-3EC7EBE8C8ED}"
EndProject
Global
	GlobalSection(SolutionConfigurationPlatforms) = preSolution
		Debug|Any CPU = Debug|Any CPU
		Release|Any CPU = Release|Any CPU
	EndGlobalSection
	GlobalSection(ProjectConfigurationPlatforms) = postSolution
		{14B33749-75F7-44CD-AACA-F495EE8544EE}.Debug|Any CPU.ActiveCfg = Debug|Any CPU
		{14B33749-75F7-44CD-AACA-F495EE8544EE}.Debug|Any CPU.Build.0 = Debug|Any CPU
		{14B33749-75F7-44CD-AACA-F495EE8544EE}.Release|Any CPU.ActiveCfg = Release|Any CPU
		{14B33749-75F7-44CD-AACA-F495EE8544EE}.Release|Any CPU.Build.0 = Release|Any CPU
		{0E4253DE-45F3-4748-A174-3EC7EBE8C8ED}.Debug|Any CPU.ActiveCfg = Debug|Any CPU
		{0E4253DE-45F3-4748-A174-3EC7EBE8C8ED}.Debug|Any CPU.Build.0 = Debug|Any CPU
		{0E4253DE-45F3-4748-A174-3EC7EBE8C8ED}.Release|Any CPU.ActiveCfg = Release|Any CPU
		{0E4253DE-45F3-4748-A174-3EC7EBE8C8ED}.Release|Any CPU.Build.0 = Release|Any CPU
	EndGlobalSection
	GlobalSection(SolutionProperties) = preSolution
		HideSolutionNode = FALSE
	EndGlobalSection
	GlobalSection(ExtensibilityGlobals) = postSolution
		SolutionGuid = {7C0B3863-D0D5-450F-9577-22174BE59B35}
	EndGlobalSection
EndGlobal
